
Microsoft Visual Studio Solution File, Format Version 12.00
# Visual Studio 15
VisualStudioVersion = 15.0.27004.2006
MinimumVisualStudioVersion = 10.0.40219.1
Project("{2150E333-8FDC-42A3-9474-1A3956D46DE8}") = "Core", "Core", "{D30CACA1-736F-4F96-AF5B-04A5A2D377DF}"
EndProject
Project("{9A19103F-16F7-4668-BE54-9A1E7A4F7556}") = "Common", "Core\Common\Common.csproj", "{111C3300-38CC-435E-8940-80ED7786E1B5}"
EndProject
Project("{9A19103F-16F7-4668-BE54-9A1E7A4F7556}") = "Database", "Core\Database\Database.csproj", "{BA7A9807-E720-4BD5-A1A8-F694EE064FBE}"
EndProject
Project("{9A19103F-16F7-4668-BE54-9A1E7A4F7556}") = "Dtos", "Core\Dtos\Dtos.csproj", "{06C04271-8E4F-4A63-8DCE-B62363382C40}"
EndProject
Project("{9A19103F-16F7-4668-BE54-9A1E7A4F7556}") = "EntityFrameworkCore", "Core\EntityFrameworkCore\EntityFrameworkCore.csproj", "{B90C322A-5648-41D2-BA56-828E83EEC1A1}"
EndProject
Project("{9A19103F-16F7-4668-BE54-9A1E7A4F7556}") = "Infrastructure", "Core\Infrastructure\Infrastructure.csproj", "{83E95E46-2AA7-48C7-B116-ADB325361351}"
EndProject
Project("{9A19103F-16F7-4668-BE54-9A1E7A4F7556}") = "Services", "Core\Services\Services.csproj", "{25F88A90-887A-47C0-BE6B-DB469792CF3D}"
EndProject
Project("{9A19103F-16F7-4668-BE54-9A1E7A4F7556}") = "Utility", "Core\Utility\Utility.csproj", "{DE1DA9F4-C121-4DE8-94B2-B35D3EEDD97A}"
EndProject
Project("{9A19103F-16F7-4668-BE54-9A1E7A4F7556}") = "Entities", "Core\Entities\Entities.csproj", "{C380805C-8201-47E3-95C1-77CD6255E8DA}"
EndProject
Project("{9A19103F-16F7-4668-BE54-9A1E7A4F7556}") = "Abstractions", "Core\Abstractions\Abstractions.csproj", "{46E11F45-A1FA-45A6-9FC1-1816A95A4AA4}"
EndProject
Project("{9A19103F-16F7-4668-BE54-9A1E7A4F7556}") = "Constants", "Core\Constants\Constants.csproj", "{FD5C37EB-38E9-406D-9E52-D6A6CE830B4A}"
EndProject
Project("{2150E333-8FDC-42A3-9474-1A3956D46DE8}") = "Wedding", "Wedding", "{E445B04E-AC60-40CC-A70D-A70F0B774119}"
EndProject
Project("{9A19103F-16F7-4668-BE54-9A1E7A4F7556}") = "Wedding.WebApi", "Wedding\Wedding.WebApi\Wedding.WebApi.csproj", "{1EF6A0DA-3E43-4039-9A23-A77E015E1FB7}"
EndProject
Project("{9A19103F-16F7-4668-BE54-9A1E7A4F7556}") = "Globalization", "Core\Globalization\Globalization.csproj", "{055415CF-1C7B-4214-8A85-25B9056077EE}"
EndProject
Project("{9A19103F-16F7-4668-BE54-9A1E7A4F7556}") = "Wedding.Web", "Wedding.Web\Wedding.Web.csproj", "{364FF616-03AA-4E31-9087-B7C37BEA4A06}"
EndProject
Global
	GlobalSection(SolutionConfigurationPlatforms) = preSolution
		Debug|Any CPU = Debug|Any CPU
		Release|Any CPU = Release|Any CPU
	EndGlobalSection
	GlobalSection(ProjectConfigurationPlatforms) = postSolution
		{111C3300-38CC-435E-8940-80ED7786E1B5}.Debug|Any CPU.ActiveCfg = Debug|Any CPU
		{111C3300-38CC-435E-8940-80ED7786E1B5}.Debug|Any CPU.Build.0 = Debug|Any CPU
		{111C3300-38CC-435E-8940-80ED7786E1B5}.Release|Any CPU.ActiveCfg = Release|Any CPU
		{111C3300-38CC-435E-8940-80ED7786E1B5}.Release|Any CPU.Build.0 = Release|Any CPU
		{BA7A9807-E720-4BD5-A1A8-F694EE064FBE}.Debug|Any CPU.ActiveCfg = Debug|Any CPU
		{BA7A9807-E720-4BD5-A1A8-F694EE064FBE}.Debug|Any CPU.Build.0 = Debug|Any CPU
		{BA7A9807-E720-4BD5-A1A8-F694EE064FBE}.Release|Any CPU.ActiveCfg = Release|Any CPU
		{BA7A9807-E720-4BD5-A1A8-F694EE064FBE}.Release|Any CPU.Build.0 = Release|Any CPU
		{06C04271-8E4F-4A63-8DCE-B62363382C40}.Debug|Any CPU.ActiveCfg = Debug|Any CPU
		{06C04271-8E4F-4A63-8DCE-B62363382C40}.Debug|Any CPU.Build.0 = Debug|Any CPU
		{06C04271-8E4F-4A63-8DCE-B62363382C40}.Release|Any CPU.ActiveCfg = Release|Any CPU
		{06C04271-8E4F-4A63-8DCE-B62363382C40}.Release|Any CPU.Build.0 = Release|Any CPU
		{B90C322A-5648-41D2-BA56-828E83EEC1A1}.Debug|Any CPU.ActiveCfg = Debug|Any CPU
		{B90C322A-5648-41D2-BA56-828E83EEC1A1}.Debug|Any CPU.Build.0 = Debug|Any CPU
		{B90C322A-5648-41D2-BA56-828E83EEC1A1}.Release|Any CPU.ActiveCfg = Release|Any CPU
		{B90C322A-5648-41D2-BA56-828E83EEC1A1}.Release|Any CPU.Build.0 = Release|Any CPU
		{83E95E46-2AA7-48C7-B116-ADB325361351}.Debug|Any CPU.ActiveCfg = Debug|Any CPU
		{83E95E46-2AA7-48C7-B116-ADB325361351}.Debug|Any CPU.Build.0 = Debug|Any CPU
		{83E95E46-2AA7-48C7-B116-ADB325361351}.Release|Any CPU.ActiveCfg = Release|Any CPU
		{83E95E46-2AA7-48C7-B116-ADB325361351}.Release|Any CPU.Build.0 = Release|Any CPU
		{25F88A90-887A-47C0-BE6B-DB469792CF3D}.Debug|Any CPU.ActiveCfg = Debug|Any CPU
		{25F88A90-887A-47C0-BE6B-DB469792CF3D}.Debug|Any CPU.Build.0 = Debug|Any CPU
		{25F88A90-887A-47C0-BE6B-DB469792CF3D}.Release|Any CPU.ActiveCfg = Release|Any CPU
		{25F88A90-887A-47C0-BE6B-DB469792CF3D}.Release|Any CPU.Build.0 = Release|Any CPU
		{DE1DA9F4-C121-4DE8-94B2-B35D3EEDD97A}.Debug|Any CPU.ActiveCfg = Debug|Any CPU
		{DE1DA9F4-C121-4DE8-94B2-B35D3EEDD97A}.Debug|Any CPU.Build.0 = Debug|Any CPU
		{DE1DA9F4-C121-4DE8-94B2-B35D3EEDD97A}.Release|Any CPU.ActiveCfg = Release|Any CPU
		{DE1DA9F4-C121-4DE8-94B2-B35D3EEDD97A}.Release|Any CPU.Build.0 = Release|Any CPU
		{C380805C-8201-47E3-95C1-77CD6255E8DA}.Debug|Any CPU.ActiveCfg = Debug|Any CPU
		{C380805C-8201-47E3-95C1-77CD6255E8DA}.Debug|Any CPU.Build.0 = Debug|Any CPU
		{C380805C-8201-47E3-95C1-77CD6255E8DA}.Release|Any CPU.ActiveCfg = Release|Any CPU
		{C380805C-8201-47E3-95C1-77CD6255E8DA}.Release|Any CPU.Build.0 = Release|Any CPU
		{46E11F45-A1FA-45A6-9FC1-1816A95A4AA4}.Debug|Any CPU.ActiveCfg = Debug|Any CPU
		{46E11F45-A1FA-45A6-9FC1-1816A95A4AA4}.Debug|Any CPU.Build.0 = Debug|Any CPU
		{46E11F45-A1FA-45A6-9FC1-1816A95A4AA4}.Release|Any CPU.ActiveCfg = Release|Any CPU
		{46E11F45-A1FA-45A6-9FC1-1816A95A4AA4}.Release|Any CPU.Build.0 = Release|Any CPU
		{FD5C37EB-38E9-406D-9E52-D6A6CE830B4A}.Debug|Any CPU.ActiveCfg = Debug|Any CPU
		{FD5C37EB-38E9-406D-9E52-D6A6CE830B4A}.Debug|Any CPU.Build.0 = Debug|Any CPU
		{FD5C37EB-38E9-406D-9E52-D6A6CE830B4A}.Release|Any CPU.ActiveCfg = Release|Any CPU
		{FD5C37EB-38E9-406D-9E52-D6A6CE830B4A}.Release|Any CPU.Build.0 = Release|Any CPU
		{1EF6A0DA-3E43-4039-9A23-A77E015E1FB7}.Debug|Any CPU.ActiveCfg = Debug|Any CPU
		{1EF6A0DA-3E43-4039-9A23-A77E015E1FB7}.Debug|Any CPU.Build.0 = Debug|Any CPU
		{1EF6A0DA-3E43-4039-9A23-A77E015E1FB7}.Release|Any CPU.ActiveCfg = Release|Any CPU
		{1EF6A0DA-3E43-4039-9A23-A77E015E1FB7}.Release|Any CPU.Build.0 = Release|Any CPU
		{055415CF-1C7B-4214-8A85-25B9056077EE}.Debug|Any CPU.ActiveCfg = Debug|Any CPU
		{055415CF-1C7B-4214-8A85-25B9056077EE}.Debug|Any CPU.Build.0 = Debug|Any CPU
		{055415CF-1C7B-4214-8A85-25B9056077EE}.Release|Any CPU.ActiveCfg = Release|Any CPU
		{055415CF-1C7B-4214-8A85-25B9056077EE}.Release|Any CPU.Build.0 = Release|Any CPU
		{364FF616-03AA-4E31-9087-B7C37BEA4A06}.Debug|Any CPU.ActiveCfg = Debug|Any CPU
		{364FF616-03AA-4E31-9087-B7C37BEA4A06}.Debug|Any CPU.Build.0 = Debug|Any CPU
		{364FF616-03AA-4E31-9087-B7C37BEA4A06}.Release|Any CPU.ActiveCfg = Release|Any CPU
		{364FF616-03AA-4E31-9087-B7C37BEA4A06}.Release|Any CPU.Build.0 = Release|Any CPU
	EndGlobalSection
	GlobalSection(SolutionProperties) = preSolution
		HideSolutionNode = FALSE
	EndGlobalSection
	GlobalSection(NestedProjects) = preSolution
		{111C3300-38CC-435E-8940-80ED7786E1B5} = {D30CACA1-736F-4F96-AF5B-04A5A2D377DF}
		{BA7A9807-E720-4BD5-A1A8-F694EE064FBE} = {D30CACA1-736F-4F96-AF5B-04A5A2D377DF}
		{06C04271-8E4F-4A63-8DCE-B62363382C40} = {D30CACA1-736F-4F96-AF5B-04A5A2D377DF}
		{B90C322A-5648-41D2-BA56-828E83EEC1A1} = {D30CACA1-736F-4F96-AF5B-04A5A2D377DF}
		{83E95E46-2AA7-48C7-B116-ADB325361351} = {D30CACA1-736F-4F96-AF5B-04A5A2D377DF}
		{25F88A90-887A-47C0-BE6B-DB469792CF3D} = {D30CACA1-736F-4F96-AF5B-04A5A2D377DF}
		{DE1DA9F4-C121-4DE8-94B2-B35D3EEDD97A} = {D30CACA1-736F-4F96-AF5B-04A5A2D377DF}
		{C380805C-8201-47E3-95C1-77CD6255E8DA} = {D30CACA1-736F-4F96-AF5B-04A5A2D377DF}
		{46E11F45-A1FA-45A6-9FC1-1816A95A4AA4} = {D30CACA1-736F-4F96-AF5B-04A5A2D377DF}
		{FD5C37EB-38E9-406D-9E52-D6A6CE830B4A} = {D30CACA1-736F-4F96-AF5B-04A5A2D377DF}
		{1EF6A0DA-3E43-4039-9A23-A77E015E1FB7} = {E445B04E-AC60-40CC-A70D-A70F0B774119}
		{055415CF-1C7B-4214-8A85-25B9056077EE} = {D30CACA1-736F-4F96-AF5B-04A5A2D377DF}
		{364FF616-03AA-4E31-9087-B7C37BEA4A06} = {E445B04E-AC60-40CC-A70D-A70F0B774119}
	EndGlobalSection
	GlobalSection(ExtensibilityGlobals) = postSolution
		SolutionGuid = {85F2C477-D3F2-427F-925D-238C0AADFEDB}
	EndGlobalSection
EndGlobal
